
Microsoft Visual Studio Solution File, Format Version 12.00
# Visual Studio Version 17
VisualStudioVersion = 17.3.32929.385
MinimumVisualStudioVersion = 10.0.40219.1
Project("{FAE04EC0-301F-11D3-BF4B-00C04F79EFBC}") = "OnlineCatalogue.Data", "OnlineCatalogue.Data\OnlineCatalogue.Data.csproj", "{557D2830-8B46-4131-AD3A-2D0F4AA25726}"
EndProject
Project("{FAE04EC0-301F-11D3-BF4B-00C04F79EFBC}") = "OnlineCatalogue.Service", "OnlineCatalogue.Service\OnlineCatalogue.Service.csproj", "{53DC17BC-BF38-4460-8658-43293A73732F}"
EndProject
Project("{FAE04EC0-301F-11D3-BF4B-00C04F79EFBC}") = "OnlineCatalogue.Web.Api", "OnlineCatalogue.Web.Api\OnlineCatalogue.Web.Api.csproj", "{1F2A83A7-698F-4A2A-88C2-C64400C31AC5}"
EndProject
Global
	GlobalSection(SolutionConfigurationPlatforms) = preSolution
		Debug|Any CPU = Debug|Any CPU
		Release|Any CPU = Release|Any CPU
	EndGlobalSection
	GlobalSection(ProjectConfigurationPlatforms) = postSolution
		{557D2830-8B46-4131-AD3A-2D0F4AA25726}.Debug|Any CPU.ActiveCfg = Debug|Any CPU
		{557D2830-8B46-4131-AD3A-2D0F4AA25726}.Debug|Any CPU.Build.0 = Debug|Any CPU
		{557D2830-8B46-4131-AD3A-2D0F4AA25726}.Release|Any CPU.ActiveCfg = Release|Any CPU
		{557D2830-8B46-4131-AD3A-2D0F4AA25726}.Release|Any CPU.Build.0 = Release|Any CPU
		{53DC17BC-BF38-4460-8658-43293A73732F}.Debug|Any CPU.ActiveCfg = Debug|Any CPU
		{53DC17BC-BF38-4460-8658-43293A73732F}.Debug|Any CPU.Build.0 = Debug|Any CPU
		{53DC17BC-BF38-4460-8658-43293A73732F}.Release|Any CPU.ActiveCfg = Release|Any CPU
		{53DC17BC-BF38-4460-8658-43293A73732F}.Release|Any CPU.Build.0 = Release|Any CPU
		{1F2A83A7-698F-4A2A-88C2-C64400C31AC5}.Debug|Any CPU.ActiveCfg = Debug|Any CPU
		{1F2A83A7-698F-4A2A-88C2-C64400C31AC5}.Debug|Any CPU.Build.0 = Debug|Any CPU
		{1F2A83A7-698F-4A2A-88C2-C64400C31AC5}.Release|Any CPU.ActiveCfg = Release|Any CPU
		{1F2A83A7-698F-4A2A-88C2-C64400C31AC5}.Release|Any CPU.Build.0 = Release|Any CPU
	EndGlobalSection
	GlobalSection(SolutionProperties) = preSolution
		HideSolutionNode = FALSE
	EndGlobalSection
	GlobalSection(ExtensibilityGlobals) = postSolution
		SolutionGuid = {06B245D4-04CE-4F81-942C-FB0FCF54AFB6}
	EndGlobalSection
EndGlobal
